
Microsoft Visual Studio Solution File, Format Version 12.00
# Visual Studio Version 17
VisualStudioVersion = 17.8.34316.72
MinimumVisualStudioVersion = 10.0.40219.1
Project("{FAE04EC0-301F-11D3-BF4B-00C04F79EFBC}") = "LinqTest", "LinqTest\LinqTest.csproj", "{75412013-D7ED-4CD1-A41E-7899776048C7}"
EndProject
Project("{FAE04EC0-301F-11D3-BF4B-00C04F79EFBC}") = "TestProject1", "TestProject1\TestProject1.csproj", "{DD9AFE3E-C2BF-4A56-9DD7-D86A3A8C7100}"
EndProject
Global
	GlobalSection(SolutionConfigurationPlatforms) = preSolution
		Debug|Any CPU = Debug|Any CPU
		Release|Any CPU = Release|Any CPU
	EndGlobalSection
	GlobalSection(ProjectConfigurationPlatforms) = postSolution
		{75412013-D7ED-4CD1-A41E-7899776048C7}.Debug|Any CPU.ActiveCfg = Debug|Any CPU
		{75412013-D7ED-4CD1-A41E-7899776048C7}.Debug|Any CPU.Build.0 = Debug|Any CPU
		{75412013-D7ED-4CD1-A41E-7899776048C7}.Release|Any CPU.ActiveCfg = Release|Any CPU
		{75412013-D7ED-4CD1-A41E-7899776048C7}.Release|Any CPU.Build.0 = Release|Any CPU
		{DD9AFE3E-C2BF-4A56-9DD7-D86A3A8C7100}.Debug|Any CPU.ActiveCfg = Debug|Any CPU
		{DD9AFE3E-C2BF-4A56-9DD7-D86A3A8C7100}.Debug|Any CPU.Build.0 = Debug|Any CPU
		{DD9AFE3E-C2BF-4A56-9DD7-D86A3A8C7100}.Release|Any CPU.ActiveCfg = Release|Any CPU
		{DD9AFE3E-C2BF-4A56-9DD7-D86A3A8C7100}.Release|Any CPU.Build.0 = Release|Any CPU
	EndGlobalSection
	GlobalSection(SolutionProperties) = preSolution
		HideSolutionNode = FALSE
	EndGlobalSection
	GlobalSection(ExtensibilityGlobals) = postSolution
		SolutionGuid = {26CEE731-6446-47AB-A5CF-C0041C7F08CC}
	EndGlobalSection
EndGlobal
